{
  "pid": 13484,
  "version": "2.1.147",
  "jsonPath": "/Users/brianboy/.claude/daemon.json",
  "logPath": "/Users/brianboy/.claude/daemon.log",
  "startedAt": 1779399639401,
  "origin": "transient",
  "spawnedBy": {
    "label": "claude",
    "cwd": "/Users/brianboy/dev/personal/life",
    "pid": 48775
  },
  "procStart": "Thu May 21 21:40:36 2026"
}